{
  "version": 4,
  "terraform_version": "1.13.5",
  "serial": 298,
  "lineage": "bbbf7255-61e9-d56e-2157-0b4406826267",
  "outputs": {
    "master_ip": {
      "value": "35.233.55.148",
      "type": "string"
    },
    "worker1_ip": {
      "value": "35.205.183.252",
      "type": "string"
    },
    "worker2_ip": {
      "value": "34.52.137.179",
      "type": "string"
    }
  },
  "resources": [
    {
      "mode": "managed",
      "type": "google_compute_firewall",
      "name": "spark_fw",
      "provider": "provider[\"registry.terraform.io/hashicorp/google\"]",
      "instances": [
        {
          "schema_version": 1,
          "attributes": {
            "allow": [
              {
                "ports": [
                  "22",
                  "7077",
                  "8080",
                  "4040"
                ],
                "protocol": "tcp"
              },
              {
                "ports": [],
                "protocol": "icmp"
              }
            ],
            "creation_timestamp": "2025-11-21T19:04:12.076-08:00",
            "deny": [],
            "description": "",
            "destination_ranges": [],
            "direction": "INGRESS",
            "disabled": false,
            "enable_logging": null,
            "id": "projects/ultimate-rig-477802-d4/global/firewalls/spark-allow",
            "log_config": [],
            "name": "spark-allow",
            "network": "https://www.googleapis.com/compute/v1/projects/ultimate-rig-477802-d4/global/networks/spark-network",
            "priority": 1000,
            "project": "ultimate-rig-477802-d4",
            "self_link": "https://www.googleapis.com/compute/v1/projects/ultimate-rig-477802-d4/global/firewalls/spark-allow",
            "source_ranges": [
              "0.0.0.0/0"
            ],
            "source_service_accounts": null,
            "source_tags": null,
            "target_service_accounts": null,
            "target_tags": null,
            "timeouts": null
          },
          "sensitive_attributes": [],
          "identity_schema_version": 0,
          "private": "eyJlMmJmYjczMC1lY2FhLTExZTYtOGY4OC0zNDM2M2JjN2M0YzAiOnsiY3JlYXRlIjoxMjAwMDAwMDAwMDAwLCJkZWxldGUiOjEyMDAwMDAwMDAwMDAsInVwZGF0ZSI6MTIwMDAwMDAwMDAwMH0sInNjaGVtYV92ZXJzaW9uIjoiMSJ9",
          "dependencies": [
            "google_compute_network.spark_network"
          ]
        }
      ]
    },
    {
      "mode": "managed",
      "type": "google_compute_instance",
      "name": "spark_master",
      "provider": "provider[\"registry.terraform.io/hashicorp/google\"]",
      "instances": [
        {
          "schema_version": 6,
          "attributes": {
            "advanced_machine_features": [],
            "allow_stopping_for_update": true,
            "attached_disk": [],
            "boot_disk": [
              {
                "auto_delete": true,
                "device_name": "persistent-disk-0",
                "disk_encryption_key_raw": "",
                "disk_encryption_key_sha256": "",
                "initialize_params": [
                  {
                    "image": "https://www.googleapis.com/compute/v1/projects/ubuntu-os-cloud/global/images/ubuntu-2204-jammy-v20251120",
                    "labels": {},
                    "resource_manager_tags": null,
                    "size": 10,
                    "type": "pd-standard"
                  }
                ],
                "kms_key_self_link": "",
                "mode": "READ_WRITE",
                "source": "https://www.googleapis.com/compute/v1/projects/ultimate-rig-477802-d4/zones/europe-west1-b/disks/spark-master"
              }
            ],
            "can_ip_forward": false,
            "confidential_instance_config": [],
            "cpu_platform": "Intel Broadwell",
            "current_status": "RUNNING",
            "deletion_protection": false,
            "description": "",
            "desired_status": null,
            "enable_display": false,
            "guest_accelerator": [],
            "hostname": "",
            "id": "projects/ultimate-rig-477802-d4/zones/europe-west1-b/instances/spark-master",
            "instance_id": "5978449712943765155",
            "label_fingerprint": "42WmSpB8rSM=",
            "labels": null,
            "machine_type": "e2-medium",
            "metadata": {
              "ssh-keys": "ubuntu:ssh-rsa AAAAB3NzaC1yc2EAAAADAQABAAACAQCuhOlDVJovMNMpluIR3uU60AKzUmiGrVjBTFbUW6oiacTILPBEIebKNwGTmnflqCRZdaqoDtxlTor3m7x4u7CyqayuGjZTUOquQEuxGb7M/YYS+RdPwHBBkGKU2HuH5ae1xjx0l3MgZaAlh/MP58/kSO2Ecu+WJEH6VokVVtbmdBIrIyaF5/4Y4D+ufL6akz5Y2B8cobx2JShXoV0B5XkuqkfUq6mt+Y401mVVsDNJ9YxytxACPmTNO+BKjBnbBk6sB6xKWfEgfIBYxc1bkZOhVZsor4QGb2PObCQcEV6F6I1J1amiPV/iourU05EvRwgyPvDUgtGkd/NhaUfbWeXLEEF0B3QnXDfkFLfH6PH1xDGaWBUp4Eq52J3N3AUi9TuuPUKAy3KYjrlb0QS+m4fbJmLIv+o9jeQjvuJHojPocR3evmbZXhpAz7uER24z9UiC75/bm/4QBV3pBEe72ewB4Fe+egqxTFe0xjFOPzSsqHtpUUUWrEdqFT+pYOTfQp01zmHczSvq74ByWFJNztz+uPHq52SNh4gjmSR4mD5OWAOgGBXI/Ncvl+r2DKYllIdYaJnKjd3xpxIVsxYnaJwUMr22sACC4jBW0sQuq+On49GCbCJNfj90TsgYm3sUcz2sxfxI//WzKr6+Jp6+miYbq9FPkyvbFblOxVyoII9rQQ== mathieujacob95@gmail.com\r\n"
            },
            "metadata_fingerprint": "Xh8wkN17aDw=",
            "metadata_startup_script": "",
            "min_cpu_platform": "",
            "name": "spark-master",
            "network_interface": [
              {
                "access_config": [
                  {
                    "nat_ip": "35.233.55.148",
                    "network_tier": "PREMIUM",
                    "public_ptr_domain_name": ""
                  }
                ],
                "alias_ip_range": [],
                "internal_ipv6_prefix_length": 0,
                "ipv6_access_config": [],
                "ipv6_access_type": "",
                "ipv6_address": "",
                "name": "nic0",
                "network": "https://www.googleapis.com/compute/v1/projects/ultimate-rig-477802-d4/global/networks/spark-network",
                "network_ip": "10.0.0.4",
                "nic_type": "",
                "queue_count": 0,
                "stack_type": "IPV4_ONLY",
                "subnetwork": "https://www.googleapis.com/compute/v1/projects/ultimate-rig-477802-d4/regions/europe-west1/subnetworks/spark-network-subnet",
                "subnetwork_project": "ultimate-rig-477802-d4"
              }
            ],
            "network_performance_config": [],
            "params": [],
            "project": "ultimate-rig-477802-d4",
            "reservation_affinity": [],
            "resource_policies": null,
            "scheduling": [
              {
                "automatic_restart": true,
                "instance_termination_action": "",
                "local_ssd_recovery_timeout": [],
                "min_node_cpus": 0,
                "node_affinities": [],
                "on_host_maintenance": "MIGRATE",
                "preemptible": false,
                "provisioning_model": "STANDARD"
              }
            ],
            "scratch_disk": [],
            "self_link": "https://www.googleapis.com/compute/v1/projects/ultimate-rig-477802-d4/zones/europe-west1-b/instances/spark-master",
            "service_account": [
              {
                "email": "79078792052-compute@developer.gserviceaccount.com",
                "scopes": [
                  "https://www.googleapis.com/auth/cloud-platform"
                ]
              }
            ],
            "shielded_instance_config": [
              {
                "enable_integrity_monitoring": true,
                "enable_secure_boot": false,
                "enable_vtpm": true
              }
            ],
            "tags": null,
            "tags_fingerprint": "42WmSpB8rSM=",
            "timeouts": null,
            "zone": "europe-west1-b"
          },
          "sensitive_attributes": [
            [
              {
                "type": "get_attr",
                "value": "boot_disk"
              },
              {
                "type": "index",
                "value": {
                  "value": 0,
                  "type": "number"
                }
              },
              {
                "type": "get_attr",
                "value": "disk_encryption_key_raw"
              }
            ]
          ],
          "identity_schema_version": 0,
          "private": "eyJlMmJmYjczMC1lY2FhLTExZTYtOGY4OC0zNDM2M2JjN2M0YzAiOnsiY3JlYXRlIjoxMjAwMDAwMDAwMDAwLCJkZWxldGUiOjEyMDAwMDAwMDAwMDAsInVwZGF0ZSI6MTIwMDAwMDAwMDAwMH0sInNjaGVtYV92ZXJzaW9uIjoiNiJ9",
          "dependencies": [
            "google_compute_network.spark_network",
            "google_compute_subnetwork.spark_subnet"
          ]
        }
      ]
    },
    {
      "mode": "managed",
      "type": "google_compute_instance",
      "name": "spark_worker",
      "provider": "provider[\"registry.terraform.io/hashicorp/google\"]",
      "instances": [
        {
          "index_key": 0,
          "schema_version": 6,
          "attributes": {
            "advanced_machine_features": [],
            "allow_stopping_for_update": true,
            "attached_disk": [],
            "boot_disk": [
              {
                "auto_delete": true,
                "device_name": "persistent-disk-0",
                "disk_encryption_key_raw": "",
                "disk_encryption_key_sha256": "",
                "initialize_params": [
                  {
                    "image": "https://www.googleapis.com/compute/v1/projects/ubuntu-os-cloud/global/images/ubuntu-2204-jammy-v20251120",
                    "labels": {},
                    "resource_manager_tags": null,
                    "size": 10,
                    "type": "pd-standard"
                  }
                ],
                "kms_key_self_link": "",
                "mode": "READ_WRITE",
                "source": "https://www.googleapis.com/compute/v1/projects/ultimate-rig-477802-d4/zones/europe-west1-b/disks/spark-worker-1"
              }
            ],
            "can_ip_forward": false,
            "confidential_instance_config": [],
            "cpu_platform": "Intel Broadwell",
            "current_status": "RUNNING",
            "deletion_protection": false,
            "description": "",
            "desired_status": null,
            "enable_display": false,
            "guest_accelerator": [],
            "hostname": "",
            "id": "projects/ultimate-rig-477802-d4/zones/europe-west1-b/instances/spark-worker-1",
            "instance_id": "2206561574775985827",
            "label_fingerprint": "42WmSpB8rSM=",
            "labels": null,
            "machine_type": "e2-small",
            "metadata": {
              "ssh-keys": "ubuntu:ssh-rsa AAAAB3NzaC1yc2EAAAADAQABAAACAQCuhOlDVJovMNMpluIR3uU60AKzUmiGrVjBTFbUW6oiacTILPBEIebKNwGTmnflqCRZdaqoDtxlTor3m7x4u7CyqayuGjZTUOquQEuxGb7M/YYS+RdPwHBBkGKU2HuH5ae1xjx0l3MgZaAlh/MP58/kSO2Ecu+WJEH6VokVVtbmdBIrIyaF5/4Y4D+ufL6akz5Y2B8cobx2JShXoV0B5XkuqkfUq6mt+Y401mVVsDNJ9YxytxACPmTNO+BKjBnbBk6sB6xKWfEgfIBYxc1bkZOhVZsor4QGb2PObCQcEV6F6I1J1amiPV/iourU05EvRwgyPvDUgtGkd/NhaUfbWeXLEEF0B3QnXDfkFLfH6PH1xDGaWBUp4Eq52J3N3AUi9TuuPUKAy3KYjrlb0QS+m4fbJmLIv+o9jeQjvuJHojPocR3evmbZXhpAz7uER24z9UiC75/bm/4QBV3pBEe72ewB4Fe+egqxTFe0xjFOPzSsqHtpUUUWrEdqFT+pYOTfQp01zmHczSvq74ByWFJNztz+uPHq52SNh4gjmSR4mD5OWAOgGBXI/Ncvl+r2DKYllIdYaJnKjd3xpxIVsxYnaJwUMr22sACC4jBW0sQuq+On49GCbCJNfj90TsgYm3sUcz2sxfxI//WzKr6+Jp6+miYbq9FPkyvbFblOxVyoII9rQQ== mathieujacob95@gmail.com\r\n"
            },
            "metadata_fingerprint": "Xh8wkN17aDw=",
            "metadata_startup_script": null,
            "min_cpu_platform": "",
            "name": "spark-worker-1",
            "network_interface": [
              {
                "access_config": [
                  {
                    "nat_ip": "35.205.183.252",
                    "network_tier": "PREMIUM",
                    "public_ptr_domain_name": ""
                  }
                ],
                "alias_ip_range": [],
                "internal_ipv6_prefix_length": 0,
                "ipv6_access_config": [],
                "ipv6_access_type": "",
                "ipv6_address": "",
                "name": "nic0",
                "network": "https://www.googleapis.com/compute/v1/projects/ultimate-rig-477802-d4/global/networks/spark-network",
                "network_ip": "10.0.0.3",
                "nic_type": "",
                "queue_count": 0,
                "stack_type": "IPV4_ONLY",
                "subnetwork": "https://www.googleapis.com/compute/v1/projects/ultimate-rig-477802-d4/regions/europe-west1/subnetworks/spark-network-subnet",
                "subnetwork_project": "ultimate-rig-477802-d4"
              }
            ],
            "network_performance_config": [],
            "params": [],
            "project": "ultimate-rig-477802-d4",
            "reservation_affinity": [],
            "resource_policies": null,
            "scheduling": [
              {
                "automatic_restart": true,
                "instance_termination_action": "",
                "local_ssd_recovery_timeout": [],
                "min_node_cpus": 0,
                "node_affinities": [],
                "on_host_maintenance": "MIGRATE",
                "preemptible": false,
                "provisioning_model": "STANDARD"
              }
            ],
            "scratch_disk": [],
            "self_link": "https://www.googleapis.com/compute/v1/projects/ultimate-rig-477802-d4/zones/europe-west1-b/instances/spark-worker-1",
            "service_account": [
              {
                "email": "79078792052-compute@developer.gserviceaccount.com",
                "scopes": [
                  "https://www.googleapis.com/auth/cloud-platform"
                ]
              }
            ],
            "shielded_instance_config": [
              {
                "enable_integrity_monitoring": true,
                "enable_secure_boot": false,
                "enable_vtpm": true
              }
            ],
            "tags": null,
            "tags_fingerprint": "42WmSpB8rSM=",
            "timeouts": null,
            "zone": "europe-west1-b"
          },
          "sensitive_attributes": [
            [
              {
                "type": "get_attr",
                "value": "boot_disk"
              },
              {
                "type": "index",
                "value": {
                  "value": 0,
                  "type": "number"
                }
              },
              {
                "type": "get_attr",
                "value": "disk_encryption_key_raw"
              }
            ]
          ],
          "identity_schema_version": 0,
          "private": "eyJlMmJmYjczMC1lY2FhLTExZTYtOGY4OC0zNDM2M2JjN2M0YzAiOnsiY3JlYXRlIjoxMjAwMDAwMDAwMDAwLCJkZWxldGUiOjEyMDAwMDAwMDAwMDAsInVwZGF0ZSI6MTIwMDAwMDAwMDAwMH0sInNjaGVtYV92ZXJzaW9uIjoiNiJ9",
          "dependencies": [
            "google_compute_network.spark_network",
            "google_compute_subnetwork.spark_subnet"
          ]
        },
        {
          "index_key": 1,
          "schema_version": 6,
          "attributes": {
            "advanced_machine_features": [],
            "allow_stopping_for_update": true,
            "attached_disk": [],
            "boot_disk": [
              {
                "auto_delete": true,
                "device_name": "persistent-disk-0",
                "disk_encryption_key_raw": "",
                "disk_encryption_key_sha256": "",
                "initialize_params": [
                  {
                    "image": "https://www.googleapis.com/compute/v1/projects/ubuntu-os-cloud/global/images/ubuntu-2204-jammy-v20251120",
                    "labels": {},
                    "resource_manager_tags": null,
                    "size": 10,
                    "type": "pd-standard"
                  }
                ],
                "kms_key_self_link": "",
                "mode": "READ_WRITE",
                "source": "https://www.googleapis.com/compute/v1/projects/ultimate-rig-477802-d4/zones/europe-west1-b/disks/spark-worker-2"
              }
            ],
            "can_ip_forward": false,
            "confidential_instance_config": [],
            "cpu_platform": "Intel Broadwell",
            "current_status": "RUNNING",
            "deletion_protection": false,
            "description": "",
            "desired_status": null,
            "enable_display": false,
            "guest_accelerator": [],
            "hostname": "",
            "id": "projects/ultimate-rig-477802-d4/zones/europe-west1-b/instances/spark-worker-2",
            "instance_id": "2180291733727516325",
            "label_fingerprint": "42WmSpB8rSM=",
            "labels": null,
            "machine_type": "e2-small",
            "metadata": {
              "ssh-keys": "ubuntu:ssh-rsa AAAAB3NzaC1yc2EAAAADAQABAAACAQCuhOlDVJovMNMpluIR3uU60AKzUmiGrVjBTFbUW6oiacTILPBEIebKNwGTmnflqCRZdaqoDtxlTor3m7x4u7CyqayuGjZTUOquQEuxGb7M/YYS+RdPwHBBkGKU2HuH5ae1xjx0l3MgZaAlh/MP58/kSO2Ecu+WJEH6VokVVtbmdBIrIyaF5/4Y4D+ufL6akz5Y2B8cobx2JShXoV0B5XkuqkfUq6mt+Y401mVVsDNJ9YxytxACPmTNO+BKjBnbBk6sB6xKWfEgfIBYxc1bkZOhVZsor4QGb2PObCQcEV6F6I1J1amiPV/iourU05EvRwgyPvDUgtGkd/NhaUfbWeXLEEF0B3QnXDfkFLfH6PH1xDGaWBUp4Eq52J3N3AUi9TuuPUKAy3KYjrlb0QS+m4fbJmLIv+o9jeQjvuJHojPocR3evmbZXhpAz7uER24z9UiC75/bm/4QBV3pBEe72ewB4Fe+egqxTFe0xjFOPzSsqHtpUUUWrEdqFT+pYOTfQp01zmHczSvq74ByWFJNztz+uPHq52SNh4gjmSR4mD5OWAOgGBXI/Ncvl+r2DKYllIdYaJnKjd3xpxIVsxYnaJwUMr22sACC4jBW0sQuq+On49GCbCJNfj90TsgYm3sUcz2sxfxI//WzKr6+Jp6+miYbq9FPkyvbFblOxVyoII9rQQ== mathieujacob95@gmail.com\r\n"
            },
            "metadata_fingerprint": "Xh8wkN17aDw=",
            "metadata_startup_script": null,
            "min_cpu_platform": "",
            "name": "spark-worker-2",
            "network_interface": [
              {
                "access_config": [
                  {
                    "nat_ip": "34.52.137.179",
                    "network_tier": "PREMIUM",
                    "public_ptr_domain_name": ""
                  }
                ],
                "alias_ip_range": [],
                "internal_ipv6_prefix_length": 0,
                "ipv6_access_config": [],
                "ipv6_access_type": "",
                "ipv6_address": "",
                "name": "nic0",
                "network": "https://www.googleapis.com/compute/v1/projects/ultimate-rig-477802-d4/global/networks/spark-network",
                "network_ip": "10.0.0.2",
                "nic_type": "",
                "queue_count": 0,
                "stack_type": "IPV4_ONLY",
                "subnetwork": "https://www.googleapis.com/compute/v1/projects/ultimate-rig-477802-d4/regions/europe-west1/subnetworks/spark-network-subnet",
                "subnetwork_project": "ultimate-rig-477802-d4"
              }
            ],
            "network_performance_config": [],
            "params": [],
            "project": "ultimate-rig-477802-d4",
            "reservation_affinity": [],
            "resource_policies": null,
            "scheduling": [
              {
                "automatic_restart": true,
                "instance_termination_action": "",
                "local_ssd_recovery_timeout": [],
                "min_node_cpus": 0,
                "node_affinities": [],
                "on_host_maintenance": "MIGRATE",
                "preemptible": false,
                "provisioning_model": "STANDARD"
              }
            ],
            "scratch_disk": [],
            "self_link": "https://www.googleapis.com/compute/v1/projects/ultimate-rig-477802-d4/zones/europe-west1-b/instances/spark-worker-2",
            "service_account": [
              {
                "email": "79078792052-compute@developer.gserviceaccount.com",
                "scopes": [
                  "https://www.googleapis.com/auth/cloud-platform"
                ]
              }
            ],
            "shielded_instance_config": [
              {
                "enable_integrity_monitoring": true,
                "enable_secure_boot": false,
                "enable_vtpm": true
              }
            ],
            "tags": null,
            "tags_fingerprint": "42WmSpB8rSM=",
            "timeouts": null,
            "zone": "europe-west1-b"
          },
          "sensitive_attributes": [
            [
              {
                "type": "get_attr",
                "value": "boot_disk"
              },
              {
                "type": "index",
                "value": {
                  "value": 0,
                  "type": "number"
                }
              },
              {
                "type": "get_attr",
                "value": "disk_encryption_key_raw"
              }
            ]
          ],
          "identity_schema_version": 0,
          "private": "eyJlMmJmYjczMC1lY2FhLTExZTYtOGY4OC0zNDM2M2JjN2M0YzAiOnsiY3JlYXRlIjoxMjAwMDAwMDAwMDAwLCJkZWxldGUiOjEyMDAwMDAwMDAwMDAsInVwZGF0ZSI6MTIwMDAwMDAwMDAwMH0sInNjaGVtYV92ZXJzaW9uIjoiNiJ9",
          "dependencies": [
            "google_compute_network.spark_network",
            "google_compute_subnetwork.spark_subnet"
          ]
        }
      ]
    },
    {
      "mode": "managed",
      "type": "google_compute_network",
      "name": "spark_network",
      "provider": "provider[\"registry.terraform.io/hashicorp/google\"]",
      "instances": [
        {
          "schema_version": 0,
          "attributes": {
            "auto_create_subnetworks": false,
            "delete_default_routes_on_create": false,
            "description": "",
            "enable_ula_internal_ipv6": false,
            "gateway_ipv4": "",
            "id": "projects/ultimate-rig-477802-d4/global/networks/spark-network",
            "internal_ipv6_range": "",
            "mtu": 0,
            "name": "spark-network",
            "network_firewall_policy_enforcement_order": "AFTER_CLASSIC_FIREWALL",
            "project": "ultimate-rig-477802-d4",
            "routing_mode": "REGIONAL",
            "self_link": "https://www.googleapis.com/compute/v1/projects/ultimate-rig-477802-d4/global/networks/spark-network",
            "timeouts": null
          },
          "sensitive_attributes": [],
          "identity_schema_version": 0,
          "private": "eyJlMmJmYjczMC1lY2FhLTExZTYtOGY4OC0zNDM2M2JjN2M0YzAiOnsiY3JlYXRlIjoxMjAwMDAwMDAwMDAwLCJkZWxldGUiOjEyMDAwMDAwMDAwMDAsInVwZGF0ZSI6MTIwMDAwMDAwMDAwMH19"
        }
      ]
    },
    {
      "mode": "managed",
      "type": "google_compute_project_metadata",
      "name": "default",
      "provider": "provider[\"registry.terraform.io/hashicorp/google\"]",
      "instances": [
        {
          "schema_version": 0,
          "attributes": {
            "id": "ultimate-rig-477802-d4",
            "metadata": {
              "ssh-keys": "ubuntu:ssh-rsa AAAAB3NzaC1yc2EAAAADAQABAAACAQCuhOlDVJovMNMpluIR3uU60AKzUmiGrVjBTFbUW6oiacTILPBEIebKNwGTmnflqCRZdaqoDtxlTor3m7x4u7CyqayuGjZTUOquQEuxGb7M/YYS+RdPwHBBkGKU2HuH5ae1xjx0l3MgZaAlh/MP58/kSO2Ecu+WJEH6VokVVtbmdBIrIyaF5/4Y4D+ufL6akz5Y2B8cobx2JShXoV0B5XkuqkfUq6mt+Y401mVVsDNJ9YxytxACPmTNO+BKjBnbBk6sB6xKWfEgfIBYxc1bkZOhVZsor4QGb2PObCQcEV6F6I1J1amiPV/iourU05EvRwgyPvDUgtGkd/NhaUfbWeXLEEF0B3QnXDfkFLfH6PH1xDGaWBUp4Eq52J3N3AUi9TuuPUKAy3KYjrlb0QS+m4fbJmLIv+o9jeQjvuJHojPocR3evmbZXhpAz7uER24z9UiC75/bm/4QBV3pBEe72ewB4Fe+egqxTFe0xjFOPzSsqHtpUUUWrEdqFT+pYOTfQp01zmHczSvq74ByWFJNztz+uPHq52SNh4gjmSR4mD5OWAOgGBXI/Ncvl+r2DKYllIdYaJnKjd3xpxIVsxYnaJwUMr22sACC4jBW0sQuq+On49GCbCJNfj90TsgYm3sUcz2sxfxI//WzKr6+Jp6+miYbq9FPkyvbFblOxVyoII9rQQ== mathieujacob95@gmail.com\r\n"
            },
            "project": "ultimate-rig-477802-d4",
            "timeouts": null
          },
          "sensitive_attributes": [],
          "identity_schema_version": 0,
          "private": "eyJlMmJmYjczMC1lY2FhLTExZTYtOGY4OC0zNDM2M2JjN2M0YzAiOnsiY3JlYXRlIjoyNDAwMDAwMDAwMDAsImRlbGV0ZSI6MjQwMDAwMDAwMDAwfX0="
        }
      ]
    },
    {
      "mode": "managed",
      "type": "google_compute_subnetwork",
      "name": "spark_subnet",
      "provider": "provider[\"registry.terraform.io/hashicorp/google\"]",
      "instances": [
        {
          "schema_version": 0,
          "attributes": {
            "creation_timestamp": "2025-11-21T19:04:13.772-08:00",
            "description": "",
            "external_ipv6_prefix": "",
            "fingerprint": null,
            "gateway_address": "10.0.0.1",
            "id": "projects/ultimate-rig-477802-d4/regions/europe-west1/subnetworks/spark-network-subnet",
            "internal_ipv6_prefix": "",
            "ip_cidr_range": "10.0.0.0/16",
            "ipv6_access_type": "",
            "ipv6_cidr_range": "",
            "log_config": [],
            "name": "spark-network-subnet",
            "network": "https://www.googleapis.com/compute/v1/projects/ultimate-rig-477802-d4/global/networks/spark-network",
            "private_ip_google_access": false,
            "private_ipv6_google_access": "DISABLE_GOOGLE_ACCESS",
            "project": "ultimate-rig-477802-d4",
            "purpose": "PRIVATE",
            "region": "europe-west1",
            "role": "",
            "secondary_ip_range": [],
            "self_link": "https://www.googleapis.com/compute/v1/projects/ultimate-rig-477802-d4/regions/europe-west1/subnetworks/spark-network-subnet",
            "stack_type": "IPV4_ONLY",
            "timeouts": null
          },
          "sensitive_attributes": [],
          "identity_schema_version": 0,
          "private": "eyJlMmJmYjczMC1lY2FhLTExZTYtOGY4OC0zNDM2M2JjN2M0YzAiOnsiY3JlYXRlIjoxMjAwMDAwMDAwMDAwLCJkZWxldGUiOjEyMDAwMDAwMDAwMDAsInVwZGF0ZSI6MTIwMDAwMDAwMDAwMH19",
          "dependencies": [
            "google_compute_network.spark_network"
          ]
        }
      ]
    }
  ],
  "check_results": null
}
